
Microsoft Visual Studio Solution File, Format Version 12.00
# Visual Studio Version 17
VisualStudioVersion = 17.5.002.0
MinimumVisualStudioVersion = 10.0.40219.1
Project("{9A19103F-16F7-4668-BE54-9A1E7A4F7556}") = "NetworkUtility", "NetworkUtility\NetworkUtility.csproj", "{CAC382B1-7E18-49A3-96F3-1D6DF9238A65}"
EndProject
Project("{FAE04EC0-301F-11D3-BF4B-00C04F79EFBC}") = "NetworkUtility.Tests", "NetworkUtility.Tests\NetworkUtility.Tests.csproj", "{EF28A857-810F-4F86-B14A-46A4C10DEFDB}"
EndProject
Global
	GlobalSection(SolutionConfigurationPlatforms) = preSolution
		Debug|Any CPU = Debug|Any CPU
		Release|Any CPU = Release|Any CPU
	EndGlobalSection
	GlobalSection(ProjectConfigurationPlatforms) = postSolution
		{CAC382B1-7E18-49A3-96F3-1D6DF9238A65}.Debug|Any CPU.ActiveCfg = Debug|Any CPU
		{CAC382B1-7E18-49A3-96F3-1D6DF9238A65}.Debug|Any CPU.Build.0 = Debug|Any CPU
		{CAC382B1-7E18-49A3-96F3-1D6DF9238A65}.Release|Any CPU.ActiveCfg = Release|Any CPU
		{CAC382B1-7E18-49A3-96F3-1D6DF9238A65}.Release|Any CPU.Build.0 = Release|Any CPU
		{EF28A857-810F-4F86-B14A-46A4C10DEFDB}.Debug|Any CPU.ActiveCfg = Debug|Any CPU
		{EF28A857-810F-4F86-B14A-46A4C10DEFDB}.Debug|Any CPU.Build.0 = Debug|Any CPU
		{EF28A857-810F-4F86-B14A-46A4C10DEFDB}.Release|Any CPU.ActiveCfg = Release|Any CPU
		{EF28A857-810F-4F86-B14A-46A4C10DEFDB}.Release|Any CPU.Build.0 = Release|Any CPU
	EndGlobalSection
	GlobalSection(SolutionProperties) = preSolution
		HideSolutionNode = FALSE
	EndGlobalSection
	GlobalSection(ExtensibilityGlobals) = postSolution
		SolutionGuid = {EE521854-6EED-4F2C-95F1-5DE1EDD77901}
	EndGlobalSection
EndGlobal
