
Microsoft Visual Studio Solution File, Format Version 12.00
# Visual Studio Version 17
VisualStudioVersion = 17.5.002.0
MinimumVisualStudioVersion = 10.0.40219.1
Project("{9A19103F-16F7-4668-BE54-9A1E7A4F7556}") = "NetworkUtility", "NetworkUtility\NetworkUtility.csproj", "{0CEBDF87-7230-417A-9384-981D01127383}"
EndProject
Project("{9A19103F-16F7-4668-BE54-9A1E7A4F7556}") = "NetworkUtility.Tests", "NetworkUtility.Tests\NetworkUtility.Tests.csproj", "{4FF7B15A-35D1-4B18-A5BF-902EDF601DB6}"
EndProject
Global
	GlobalSection(SolutionConfigurationPlatforms) = preSolution
		Debug|Any CPU = Debug|Any CPU
		Release|Any CPU = Release|Any CPU
	EndGlobalSection
	GlobalSection(ProjectConfigurationPlatforms) = postSolution
		{0CEBDF87-7230-417A-9384-981D01127383}.Debug|Any CPU.ActiveCfg = Debug|Any CPU
		{0CEBDF87-7230-417A-9384-981D01127383}.Debug|Any CPU.Build.0 = Debug|Any CPU
		{0CEBDF87-7230-417A-9384-981D01127383}.Release|Any CPU.ActiveCfg = Release|Any CPU
		{0CEBDF87-7230-417A-9384-981D01127383}.Release|Any CPU.Build.0 = Release|Any CPU
		{4FF7B15A-35D1-4B18-A5BF-902EDF601DB6}.Debug|Any CPU.ActiveCfg = Debug|Any CPU
		{4FF7B15A-35D1-4B18-A5BF-902EDF601DB6}.Debug|Any CPU.Build.0 = Debug|Any CPU
		{4FF7B15A-35D1-4B18-A5BF-902EDF601DB6}.Release|Any CPU.ActiveCfg = Release|Any CPU
		{4FF7B15A-35D1-4B18-A5BF-902EDF601DB6}.Release|Any CPU.Build.0 = Release|Any CPU
	EndGlobalSection
	GlobalSection(SolutionProperties) = preSolution
		HideSolutionNode = FALSE
	EndGlobalSection
	GlobalSection(ExtensibilityGlobals) = postSolution
		SolutionGuid = {E881324A-AC33-45D7-95B3-834896746181}
	EndGlobalSection
EndGlobal
